{
  "name": "Spedn",
  "version": "0.0.1",
  "lockfileVersion": 1,
  "requires": true,
  "dependencies": {
    "react-native-nfc-manager": {
      "version": "0.5.5",
      "resolved": "https://registry.npmjs.org/react-native-nfc-manager/-/react-native-nfc-manager-0.5.5.tgz",
      "integrity": "sha512-4gFuyDnNWXe81R7tTbc1AFlrz1LfBHp/S7daWL7gEsBFdeRegDmopecUJER511UR5d5Ymttw37LzTZUbnNKTlQ=="
    }
  }
}
